
Microsoft Visual Studio Solution File, Format Version 12.00
# Visual Studio Version 17
VisualStudioVersion = 17.9.34622.214
MinimumVisualStudioVersion = 10.0.40219.1
Project("{FAE04EC0-301F-11D3-BF4B-00C04F79EFBC}") = "TalkyTalk", "TalkyTalk\TalkyTalk.csproj", "{D3642B03-D991-42C0-94FD-71599A9E7502}"
EndProject
Global
	GlobalSection(SolutionConfigurationPlatforms) = preSolution
		Debug|Any CPU = Debug|Any CPU
		Release|Any CPU = Release|Any CPU
	EndGlobalSection
	GlobalSection(ProjectConfigurationPlatforms) = postSolution
		{D3642B03-D991-42C0-94FD-71599A9E7502}.Debug|Any CPU.ActiveCfg = Debug|Any CPU
		{D3642B03-D991-42C0-94FD-71599A9E7502}.Debug|Any CPU.Build.0 = Debug|Any CPU
		{D3642B03-D991-42C0-94FD-71599A9E7502}.Release|Any CPU.ActiveCfg = Release|Any CPU
		{D3642B03-D991-42C0-94FD-71599A9E7502}.Release|Any CPU.Build.0 = Release|Any CPU
	EndGlobalSection
	GlobalSection(SolutionProperties) = preSolution
		HideSolutionNode = FALSE
	EndGlobalSection
	GlobalSection(ExtensibilityGlobals) = postSolution
		SolutionGuid = {A2E0C37C-6FD8-4FBF-9D9B-56611EBFDF08}
	EndGlobalSection
EndGlobal
